
Microsoft Visual Studio Solution File, Format Version 12.00
# Visual Studio Version 17
VisualStudioVersion = 17.5.002.0
MinimumVisualStudioVersion = 10.0.40219.1
Project("{9A19103F-16F7-4668-BE54-9A1E7A4F7556}") = "prjtt", "prjtt.csproj", "{FBC4DDB8-C76A-4618-83C8-000C26FF3E17}"
EndProject
Global
	GlobalSection(SolutionConfigurationPlatforms) = preSolution
		Debug|Any CPU = Debug|Any CPU
		Release|Any CPU = Release|Any CPU
	EndGlobalSection
	GlobalSection(ProjectConfigurationPlatforms) = postSolution
		{FBC4DDB8-C76A-4618-83C8-000C26FF3E17}.Debug|Any CPU.ActiveCfg = Debug|Any CPU
		{FBC4DDB8-C76A-4618-83C8-000C26FF3E17}.Debug|Any CPU.Build.0 = Debug|Any CPU
		{FBC4DDB8-C76A-4618-83C8-000C26FF3E17}.Release|Any CPU.ActiveCfg = Release|Any CPU
		{FBC4DDB8-C76A-4618-83C8-000C26FF3E17}.Release|Any CPU.Build.0 = Release|Any CPU
	EndGlobalSection
	GlobalSection(SolutionProperties) = preSolution
		HideSolutionNode = FALSE
	EndGlobalSection
	GlobalSection(ExtensibilityGlobals) = postSolution
		SolutionGuid = {19538DC4-EE88-4405-B4B3-56D5E968826F}
	EndGlobalSection
EndGlobal
